# THIS IS AN AUTOGENERATED FILE. DO NOT EDIT THIS FILE DIRECTLY.
# yarn lockfile v1


bluebird@^3.4.7:
  version "3.5.4"
  resolved "https://registry.yarnpkg.com/bluebird/-/bluebird-3.5.4.tgz#d6cc661595de30d5b3af5fcedd3c0b3ef6ec5714"
  integrity sha512-FG+nFEZChJrbQ9tIccIfZJBz3J7mLrAhxakAbnrJWn8d7aKOC+LWifa0G+p4ZqKp4y13T7juYvdhq9NzKdsrjw==

color-convert@~0.5.0:
  version "0.5.3"
  resolved "https://registry.yarnpkg.com/color-convert/-/color-convert-0.5.3.tgz#bdb6c69ce660fadffe0b0007cc447e1b9f7282bd"
  integrity sha1-vbbGnOZg+t/+CwAHzER+G59ygr0=

fontfaceobserver@^2.1.0:
  version "2.1.0"
  resolved "https://registry.yarnpkg.com/fontfaceobserver/-/fontfaceobserver-2.1.0.tgz#e2705d293e2c585a6531c2a722905657317a2991"
  integrity sha512-ReOsO2F66jUa0jmv2nlM/s1MiutJx/srhAe2+TE8dJCMi02ZZOcCTxTCQFr3Yet+uODUtnr4Mewg+tNQ+4V1Ng==

gonzales-pe@^4.2.2:
  version "4.2.4"
  resolved "https://registry.yarnpkg.com/gonzales-pe/-/gonzales-pe-4.2.4.tgz#356ae36a312c46fe0f1026dd6cb539039f8500d2"
  integrity sha512-v0Ts/8IsSbh9n1OJRnSfa7Nlxi4AkXIsWB6vPept8FDbL4bXn3FNuxjYtO/nmBGu7GDkL9MFeGebeSu6l55EPQ==
  dependencies:
    minimist "1.1.x"

invariant@2.2.2:
  version "2.2.2"
  resolved "https://registry.yarnpkg.com/invariant/-/invariant-2.2.2.tgz#9e1f56ac0acdb6bf303306f338be3b204ae60360"
  integrity sha1-nh9WrArNtr8wMwbzOL47IErmA2A=
  dependencies:
    loose-envify "^1.0.0"

"js-tokens@^3.0.0 || ^4.0.0":
  version "4.0.0"
  resolved "https://registry.yarnpkg.com/js-tokens/-/js-tokens-4.0.0.tgz#19203fb59991df98e3a287050d4647cdeaf32499"
  integrity sha512-RdJUflcE3cUzKiMqQgsCu06FPu9UdIJO0beYbPhHN4k6apgJtifcoCtT9bcxOpYBtpD2kCM6Sbzg4CausW/PKQ==

lodash@^4.17.4:
  version "4.17.15"
  resolved "https://registry.yarnpkg.com/lodash/-/lodash-4.17.15.tgz#b447f6670a0455bbfeedd11392eff330ea097548"
  integrity sha512-8xOcRHvCjnocdS5cpwXQXVzmmh5e5+saE2QGoeQmbKmRS6J3VQppPOIt0MnmE+4xlZoumy0GPG0D0MVIQbNA1A==

loose-envify@^1.0.0:
  version "1.4.0"
  resolved "https://registry.yarnpkg.com/loose-envify/-/loose-envify-1.4.0.tgz#71ee51fa7be4caec1a63839f7e682d8132d30caf"
  integrity sha512-lyuxPGr/Wfhrlem2CL/UcnUc1zcqKAImBDzukY7Y5F/yQiNdko6+fRLevlw1HgMySw7f611UIY408EtxRSoK3Q==
  dependencies:
    js-tokens "^3.0.0 || ^4.0.0"

minimist@1.1.x:
  version "1.1.3"
  resolved "https://registry.yarnpkg.com/minimist/-/minimist-1.1.3.tgz#3bedfd91a92d39016fcfaa1c681e8faa1a1efda8"
  integrity sha1-O+39kaktOQFvz6ocaB6Pqhoe/ag=

parse-color@^1.0.0:
  version "1.0.0"
  resolved "https://registry.yarnpkg.com/parse-color/-/parse-color-1.0.0.tgz#7b748b95a83f03f16a94f535e52d7f3d94658619"
  integrity sha1-e3SLlag/A/FqlPU15S1/PZRlhhk=
  dependencies:
    color-convert "~0.5.0"

query-ast@^1.0.1:
  version "1.0.2"
  resolved "https://registry.yarnpkg.com/query-ast/-/query-ast-1.0.2.tgz#efc59271addc2699a1ed563be9a7cc61fed590c0"
  integrity sha512-mg78RW1QHhW8ChuJfR3V7/8GZ+Hm0mVyuh91gCCaYlObGPaorPsOEY0LXbzjzydvfGui9seLTFW2MiuDy0MT8w==
  dependencies:
    invariant "2.2.2"
    lodash "^4.17.4"

sass-extract@^2.1.0:
  version "2.1.0"
  resolved "https://registry.yarnpkg.com/sass-extract/-/sass-extract-2.1.0.tgz#c65e6ca3103cbcf2fca0dcd81b07e4e49a6cc583"
  integrity sha1-xl5soxA8vPL8oNzYGwfk5JpsxYM=
  dependencies:
    bluebird "^3.4.7"
    gonzales-pe "^4.2.2"
    parse-color "^1.0.0"
    query-ast "^1.0.1"
